<Solution>
    <Folder Name="/src/">
        <Project Path="src/ANcpLua.Agents/ANcpLua.Agents.csproj" />
        <Project Path="src/ANcpLua.Agents.Instrumentation/ANcpLua.Agents.Instrumentation.csproj" />
        <Project Path="src/ANcpLua.Agents.Hosting.ServiceDefaults/ANcpLua.Agents.Hosting.ServiceDefaults.csproj" />
        <Project Path="src/ANcpLua.Agents.Workflows/ANcpLua.Agents.Workflows.csproj" />
        <Project Path="src/ANcpLua.Agents.Workflows.Declarative/ANcpLua.Agents.Workflows.Declarative.csproj" />
        <Project Path="src/ANcpLua.Agents.Testing/ANcpLua.Agents.Testing.csproj" />
        <Project Path="src/ANcpLua.Agents.Testing.Workflows/ANcpLua.Agents.Testing.Workflows.csproj" />
    </Folder>
    <Folder Name="/samples/">
        <Project Path="samples/AgentDevUI/AgentDevUI.csproj" />
        <Project Path="samples/AgentTelemetry.Minimal/AgentTelemetry.Minimal.csproj" />
    </Folder>
    <Folder Name="/tests/">
        <Project Path="tests/ANcpLua.Agents.Tests/ANcpLua.Agents.Tests.csproj" />
    </Folder>
</Solution>
